
Microsoft Visual Studio Solution File, Format Version 12.00
# Visual Studio Version 17
VisualStudioVersion = 17.6.33513.286
MinimumVisualStudioVersion = 10.0.40219.1
Project("{FAE04EC0-301F-11D3-BF4B-00C04F79EFBC}") = "CodeSuite", "CodeSuite\CodeSuite.csproj", "{3F79E41D-D0FD-4BC4-B869-F70D8194CF8B}"
EndProject
Project("{FAE04EC0-301F-11D3-BF4B-00C04F79EFBC}") = "TestSuite", "TestSuite\TestSuite.csproj", "{A03FDABB-375D-4DF6-885C-DAA0E9D1A720}"
EndProject
Global
	GlobalSection(SolutionConfigurationPlatforms) = preSolution
		Debug|x64 = Debug|x64
		Release|x64 = Release|x64
	EndGlobalSection
	GlobalSection(ProjectConfigurationPlatforms) = postSolution
		{3F79E41D-D0FD-4BC4-B869-F70D8194CF8B}.Debug|x64.ActiveCfg = Debug|x64
		{3F79E41D-D0FD-4BC4-B869-F70D8194CF8B}.Debug|x64.Build.0 = Debug|x64
		{3F79E41D-D0FD-4BC4-B869-F70D8194CF8B}.Release|x64.ActiveCfg = Release|x64
		{3F79E41D-D0FD-4BC4-B869-F70D8194CF8B}.Release|x64.Build.0 = Release|x64
		{A03FDABB-375D-4DF6-885C-DAA0E9D1A720}.Debug|x64.ActiveCfg = Debug|Any CPU
		{A03FDABB-375D-4DF6-885C-DAA0E9D1A720}.Debug|x64.Build.0 = Debug|Any CPU
		{A03FDABB-375D-4DF6-885C-DAA0E9D1A720}.Release|x64.ActiveCfg = Release|Any CPU
		{A03FDABB-375D-4DF6-885C-DAA0E9D1A720}.Release|x64.Build.0 = Release|Any CPU
	EndGlobalSection
	GlobalSection(SolutionProperties) = preSolution
		HideSolutionNode = FALSE
	EndGlobalSection
	GlobalSection(ExtensibilityGlobals) = postSolution
		SolutionGuid = {D5605759-1C92-490B-85C4-A9DEBA82E9D7}
	EndGlobalSection
EndGlobal
